
Microsoft Visual Studio Solution File, Format Version 12.00
# Visual Studio Version 16
VisualStudioVersion = 16.0.31515.178
MinimumVisualStudioVersion = 10.0.40219.1
Project("{9A19103F-16F7-4668-BE54-9A1E7A4F7556}") = "SEDC.PizzaApp.Domain", "SEDC.PizzaApp.Domain\SEDC.PizzaApp.Domain.csproj", "{40F2BE1B-AFC6-4F5C-96E4-B814F9287AD1}"
EndProject
Project("{9A19103F-16F7-4668-BE54-9A1E7A4F7556}") = "SEDC.PizzaApp.DataAccess", "SEDC.PizzaApp.DataAccess\SEDC.PizzaApp.DataAccess.csproj", "{03B1053F-54CA-49B1-B864-E298C29045AF}"
EndProject
Project("{9A19103F-16F7-4668-BE54-9A1E7A4F7556}") = "SEDC.PizzaApp.Refactored", "SEDC.PizzaApp.Refactored\SEDC.PizzaApp.Refactored.csproj", "{C5200BF9-67C7-4B54-B601-E66EEAC92BBF}"
EndProject
Project("{9A19103F-16F7-4668-BE54-9A1E7A4F7556}") = "SEDC.PizzaApp.Services", "SEDC.PizzaApp.Services\SEDC.PizzaApp.Services.csproj", "{D8613AE6-7B5E-4B54-8C40-AD8BC9F92460}"
EndProject
Project("{9A19103F-16F7-4668-BE54-9A1E7A4F7556}") = "SEDC.PizzaApp.ViewModels", "SEDC.PizzaApp.ViewModels\SEDC.PizzaApp.ViewModels.csproj", "{20C2FC6C-3299-4291-A667-36458FA86A21}"
EndProject
Project("{9A19103F-16F7-4668-BE54-9A1E7A4F7556}") = "SEDC.PizzaApp.Mappers", "SEDC.PizzaApp.Mappers\SEDC.PizzaApp.Mappers.csproj", "{4754F26F-24D6-4240-A496-B83ED4F81DA8}"
EndProject
Project("{FAE04EC0-301F-11D3-BF4B-00C04F79EFBC}") = "SEDC.PizzaApp.Helpers", "SEDC.PizzaApp.Helpers\SEDC.PizzaApp.Helpers.csproj", "{DF770CA6-8898-4F37-8C8C-709C0F96149D}"
EndProject
Global
	GlobalSection(SolutionConfigurationPlatforms) = preSolution
		Debug|Any CPU = Debug|Any CPU
		Release|Any CPU = Release|Any CPU
	EndGlobalSection
	GlobalSection(ProjectConfigurationPlatforms) = postSolution
		{40F2BE1B-AFC6-4F5C-96E4-B814F9287AD1}.Debug|Any CPU.ActiveCfg = Debug|Any CPU
		{40F2BE1B-AFC6-4F5C-96E4-B814F9287AD1}.Debug|Any CPU.Build.0 = Debug|Any CPU
		{40F2BE1B-AFC6-4F5C-96E4-B814F9287AD1}.Release|Any CPU.ActiveCfg = Release|Any CPU
		{40F2BE1B-AFC6-4F5C-96E4-B814F9287AD1}.Release|Any CPU.Build.0 = Release|Any CPU
		{03B1053F-54CA-49B1-B864-E298C29045AF}.Debug|Any CPU.ActiveCfg = Debug|Any CPU
		{03B1053F-54CA-49B1-B864-E298C29045AF}.Debug|Any CPU.Build.0 = Debug|Any CPU
		{03B1053F-54CA-49B1-B864-E298C29045AF}.Release|Any CPU.ActiveCfg = Release|Any CPU
		{03B1053F-54CA-49B1-B864-E298C29045AF}.Release|Any CPU.Build.0 = Release|Any CPU
		{C5200BF9-67C7-4B54-B601-E66EEAC92BBF}.Debug|Any CPU.ActiveCfg = Debug|Any CPU
		{C5200BF9-67C7-4B54-B601-E66EEAC92BBF}.Debug|Any CPU.Build.0 = Debug|Any CPU
		{C5200BF9-67C7-4B54-B601-E66EEAC92BBF}.Release|Any CPU.ActiveCfg = Release|Any CPU
		{C5200BF9-67C7-4B54-B601-E66EEAC92BBF}.Release|Any CPU.Build.0 = Release|Any CPU
		{D8613AE6-7B5E-4B54-8C40-AD8BC9F92460}.Debug|Any CPU.ActiveCfg = Debug|Any CPU
		{D8613AE6-7B5E-4B54-8C40-AD8BC9F92460}.Debug|Any CPU.Build.0 = Debug|Any CPU
		{D8613AE6-7B5E-4B54-8C40-AD8BC9F92460}.Release|Any CPU.ActiveCfg = Release|Any CPU
		{D8613AE6-7B5E-4B54-8C40-AD8BC9F92460}.Release|Any CPU.Build.0 = Release|Any CPU
		{20C2FC6C-3299-4291-A667-36458FA86A21}.Debug|Any CPU.ActiveCfg = Debug|Any CPU
		{20C2FC6C-3299-4291-A667-36458FA86A21}.Debug|Any CPU.Build.0 = Debug|Any CPU
		{20C2FC6C-3299-4291-A667-36458FA86A21}.Release|Any CPU.ActiveCfg = Release|Any CPU
		{20C2FC6C-3299-4291-A667-36458FA86A21}.Release|Any CPU.Build.0 = Release|Any CPU
		{4754F26F-24D6-4240-A496-B83ED4F81DA8}.Debug|Any CPU.ActiveCfg = Debug|Any CPU
		{4754F26F-24D6-4240-A496-B83ED4F81DA8}.Debug|Any CPU.Build.0 = Debug|Any CPU
		{4754F26F-24D6-4240-A496-B83ED4F81DA8}.Release|Any CPU.ActiveCfg = Release|Any CPU
		{4754F26F-24D6-4240-A496-B83ED4F81DA8}.Release|Any CPU.Build.0 = Release|Any CPU
		{DF770CA6-8898-4F37-8C8C-709C0F96149D}.Debug|Any CPU.ActiveCfg = Debug|Any CPU
		{DF770CA6-8898-4F37-8C8C-709C0F96149D}.Debug|Any CPU.Build.0 = Debug|Any CPU
		{DF770CA6-8898-4F37-8C8C-709C0F96149D}.Release|Any CPU.ActiveCfg = Release|Any CPU
		{DF770CA6-8898-4F37-8C8C-709C0F96149D}.Release|Any CPU.Build.0 = Release|Any CPU
	EndGlobalSection
	GlobalSection(SolutionProperties) = preSolution
		HideSolutionNode = FALSE
	EndGlobalSection
	GlobalSection(ExtensibilityGlobals) = postSolution
		SolutionGuid = {45D748E9-A3F5-42B9-94E3-6D62AB3EA321}
	EndGlobalSection
EndGlobal
