
Microsoft Visual Studio Solution File, Format Version 12.00
# Visual Studio Version 16
VisualStudioVersion = 16.0.31515.178
MinimumVisualStudioVersion = 10.0.40219.1
Project("{FAE04EC0-301F-11D3-BF4B-00C04F79EFBC}") = "SEDC.PizzaApp", "SEDC.PizzaApp\SEDC.PizzaApp.csproj", "{54B72638-F47E-4A23-B60E-B50B48FF4FE2}"
EndProject
Global
	GlobalSection(SolutionConfigurationPlatforms) = preSolution
		Debug|Any CPU = Debug|Any CPU
		Release|Any CPU = Release|Any CPU
	EndGlobalSection
	GlobalSection(ProjectConfigurationPlatforms) = postSolution
		{54B72638-F47E-4A23-B60E-B50B48FF4FE2}.Debug|Any CPU.ActiveCfg = Debug|Any CPU
		{54B72638-F47E-4A23-B60E-B50B48FF4FE2}.Debug|Any CPU.Build.0 = Debug|Any CPU
		{54B72638-F47E-4A23-B60E-B50B48FF4FE2}.Release|Any CPU.ActiveCfg = Release|Any CPU
		{54B72638-F47E-4A23-B60E-B50B48FF4FE2}.Release|Any CPU.Build.0 = Release|Any CPU
	EndGlobalSection
	GlobalSection(SolutionProperties) = preSolution
		HideSolutionNode = FALSE
	EndGlobalSection
	GlobalSection(ExtensibilityGlobals) = postSolution
		SolutionGuid = {C0DDAA99-EAD9-469B-AB9D-4B125992F4FC}
	EndGlobalSection
EndGlobal
